
Microsoft Visual Studio Solution File, Format Version 12.00
# Visual Studio Version 16
VisualStudioVersion = 16.0.33927.289
MinimumVisualStudioVersion = 10.0.40219.1
Project("{2150E333-8FDC-42A3-9474-1A3956D46DE8}") = "DomainNotificationsMediatRSample", "DomainNotificationsMediatRSample", "{DD75A70E-0C91-40D8-AC9E-167924A666B5}"
EndProject
Project("{2150E333-8FDC-42A3-9474-1A3956D46DE8}") = "MongoDbSample", "MongoDbSample", "{76C73112-A0F2-4073-ADCB-EDDDAB262EC1}"
EndProject
Project("{2150E333-8FDC-42A3-9474-1A3956D46DE8}") = "RabbitMqSample", "RabbitMqSample", "{00616846-381C-4BB6-BD96-9FC1C9E8552A}"
EndProject
Project("{2150E333-8FDC-42A3-9474-1A3956D46DE8}") = "YieldReturnSample", "YieldReturnSample", "{851E3514-D887-49D2-918C-0FF0FCD8A35A}"
EndProject
Project("{9A19103F-16F7-4668-BE54-9A1E7A4F7556}") = "MongDbSample.Api", "MongoDbSample\MongDbSample.Api\MongDbSample.Api.csproj", "{15CCF039-9EBF-4766-B830-239B04A9EA0D}"
EndProject
Project("{9A19103F-16F7-4668-BE54-9A1E7A4F7556}") = "MongoDbSample.Business", "MongoDbSample\MongoDbSample.Business\MongoDbSample.Business.csproj", "{D5B38A56-0459-4F15-A712-11BF9E0CD587}"
EndProject
Project("{9A19103F-16F7-4668-BE54-9A1E7A4F7556}") = "MongoDbSample.Infra", "MongoDbSample\MongoDbSample.Infra\MongoDbSample.Infra.csproj", "{C0A1984D-7C60-469D-A1ED-F99D0387FC44}"
EndProject
Project("{9A19103F-16F7-4668-BE54-9A1E7A4F7556}") = "DomainNotificationMediatRSample.Api", "DomainNotificationsMediatRSample\DomainNotificationMediatRSample.Api\DomainNotificationMediatRSample.Api.csproj", "{8978B779-26AB-48B2-894C-67C3A938BF26}"
EndProject
Project("{9A19103F-16F7-4668-BE54-9A1E7A4F7556}") = "DomainNotificationMediatRSample.Business", "DomainNotificationsMediatRSample\DomainNotificationMediatR.Business\DomainNotificationMediatRSample.Business.csproj", "{CC043A55-1C4C-4177-8EE4-703D5AE44A5C}"
EndProject
Global
	GlobalSection(SolutionConfigurationPlatforms) = preSolution
		Debug|Any CPU = Debug|Any CPU
		Release|Any CPU = Release|Any CPU
	EndGlobalSection
	GlobalSection(ProjectConfigurationPlatforms) = postSolution
		{15CCF039-9EBF-4766-B830-239B04A9EA0D}.Debug|Any CPU.ActiveCfg = Debug|Any CPU
		{15CCF039-9EBF-4766-B830-239B04A9EA0D}.Debug|Any CPU.Build.0 = Debug|Any CPU
		{15CCF039-9EBF-4766-B830-239B04A9EA0D}.Release|Any CPU.ActiveCfg = Release|Any CPU
		{15CCF039-9EBF-4766-B830-239B04A9EA0D}.Release|Any CPU.Build.0 = Release|Any CPU
		{D5B38A56-0459-4F15-A712-11BF9E0CD587}.Debug|Any CPU.ActiveCfg = Debug|Any CPU
		{D5B38A56-0459-4F15-A712-11BF9E0CD587}.Debug|Any CPU.Build.0 = Debug|Any CPU
		{D5B38A56-0459-4F15-A712-11BF9E0CD587}.Release|Any CPU.ActiveCfg = Release|Any CPU
		{D5B38A56-0459-4F15-A712-11BF9E0CD587}.Release|Any CPU.Build.0 = Release|Any CPU
		{C0A1984D-7C60-469D-A1ED-F99D0387FC44}.Debug|Any CPU.ActiveCfg = Debug|Any CPU
		{C0A1984D-7C60-469D-A1ED-F99D0387FC44}.Debug|Any CPU.Build.0 = Debug|Any CPU
		{C0A1984D-7C60-469D-A1ED-F99D0387FC44}.Release|Any CPU.ActiveCfg = Release|Any CPU
		{C0A1984D-7C60-469D-A1ED-F99D0387FC44}.Release|Any CPU.Build.0 = Release|Any CPU
		{8978B779-26AB-48B2-894C-67C3A938BF26}.Debug|Any CPU.ActiveCfg = Debug|Any CPU
		{8978B779-26AB-48B2-894C-67C3A938BF26}.Debug|Any CPU.Build.0 = Debug|Any CPU
		{8978B779-26AB-48B2-894C-67C3A938BF26}.Release|Any CPU.ActiveCfg = Release|Any CPU
		{8978B779-26AB-48B2-894C-67C3A938BF26}.Release|Any CPU.Build.0 = Release|Any CPU
		{CC043A55-1C4C-4177-8EE4-703D5AE44A5C}.Debug|Any CPU.ActiveCfg = Debug|Any CPU
		{CC043A55-1C4C-4177-8EE4-703D5AE44A5C}.Debug|Any CPU.Build.0 = Debug|Any CPU
		{CC043A55-1C4C-4177-8EE4-703D5AE44A5C}.Release|Any CPU.ActiveCfg = Release|Any CPU
		{CC043A55-1C4C-4177-8EE4-703D5AE44A5C}.Release|Any CPU.Build.0 = Release|Any CPU
	EndGlobalSection
	GlobalSection(SolutionProperties) = preSolution
		HideSolutionNode = FALSE
	EndGlobalSection
	GlobalSection(NestedProjects) = preSolution
		{15CCF039-9EBF-4766-B830-239B04A9EA0D} = {76C73112-A0F2-4073-ADCB-EDDDAB262EC1}
		{D5B38A56-0459-4F15-A712-11BF9E0CD587} = {76C73112-A0F2-4073-ADCB-EDDDAB262EC1}
		{C0A1984D-7C60-469D-A1ED-F99D0387FC44} = {76C73112-A0F2-4073-ADCB-EDDDAB262EC1}
		{8978B779-26AB-48B2-894C-67C3A938BF26} = {DD75A70E-0C91-40D8-AC9E-167924A666B5}
		{CC043A55-1C4C-4177-8EE4-703D5AE44A5C} = {DD75A70E-0C91-40D8-AC9E-167924A666B5}
	EndGlobalSection
	GlobalSection(ExtensibilityGlobals) = postSolution
		SolutionGuid = {6FA7E6BB-ED11-40B2-A92E-E980E3EB4152}
	EndGlobalSection
EndGlobal
